
Microsoft Visual Studio Solution File, Format Version 12.00
# Visual Studio 2013
VisualStudioVersion = 12.0.21005.1
MinimumVisualStudioVersion = 10.0.40219.1
Project("{8BC9CEB8-8B4A-11D0-8D11-00A0C91BC942}") = "树", "..\..\数据结构\树\树\树.vcxproj", "{F79E92EB-0233-4D28-A258-AFCB71A61125}"
EndProject
Project("{8BC9CEB8-8B4A-11D0-8D11-00A0C91BC942}") = "二叉树", "..\..\数据结构\树\二叉树\二叉树.vcxproj", "{08CD11E8-D2E6-4583-AB83-A534166E86C6}"
EndProject
Global
	GlobalSection(SolutionConfigurationPlatforms) = preSolution
		Debug|Win32 = Debug|Win32
		Release|Win32 = Release|Win32
	EndGlobalSection
	GlobalSection(ProjectConfigurationPlatforms) = postSolution
		{F79E92EB-0233-4D28-A258-AFCB71A61125}.Debug|Win32.ActiveCfg = Debug|Win32
		{F79E92EB-0233-4D28-A258-AFCB71A61125}.Debug|Win32.Build.0 = Debug|Win32
		{F79E92EB-0233-4D28-A258-AFCB71A61125}.Release|Win32.ActiveCfg = Release|Win32
		{F79E92EB-0233-4D28-A258-AFCB71A61125}.Release|Win32.Build.0 = Release|Win32
		{08CD11E8-D2E6-4583-AB83-A534166E86C6}.Debug|Win32.ActiveCfg = Debug|Win32
		{08CD11E8-D2E6-4583-AB83-A534166E86C6}.Debug|Win32.Build.0 = Debug|Win32
		{08CD11E8-D2E6-4583-AB83-A534166E86C6}.Release|Win32.ActiveCfg = Release|Win32
		{08CD11E8-D2E6-4583-AB83-A534166E86C6}.Release|Win32.Build.0 = Release|Win32
	EndGlobalSection
	GlobalSection(SolutionProperties) = preSolution
		HideSolutionNode = FALSE
	EndGlobalSection
EndGlobal
